
Microsoft Visual Studio Solution File, Format Version 12.00
# Visual Studio Version 17
VisualStudioVersion = 17.5.33414.496
MinimumVisualStudioVersion = 10.0.40219.1
Project("{FAE04EC0-301F-11D3-BF4B-00C04F79EFBC}") = "BinaryCalculator", "BinaryCalculator\BinaryCalculator.csproj", "{43796404-C297-4428-B245-6E69D6832EA3}"
EndProject
Global
	GlobalSection(SolutionConfigurationPlatforms) = preSolution
		Debug|Any CPU = Debug|Any CPU
		Release|Any CPU = Release|Any CPU
	EndGlobalSection
	GlobalSection(ProjectConfigurationPlatforms) = postSolution
		{43796404-C297-4428-B245-6E69D6832EA3}.Debug|Any CPU.ActiveCfg = Debug|Any CPU
		{43796404-C297-4428-B245-6E69D6832EA3}.Debug|Any CPU.Build.0 = Debug|Any CPU
		{43796404-C297-4428-B245-6E69D6832EA3}.Release|Any CPU.ActiveCfg = Release|Any CPU
		{43796404-C297-4428-B245-6E69D6832EA3}.Release|Any CPU.Build.0 = Release|Any CPU
	EndGlobalSection
	GlobalSection(SolutionProperties) = preSolution
		HideSolutionNode = FALSE
	EndGlobalSection
	GlobalSection(ExtensibilityGlobals) = postSolution
		SolutionGuid = {4ACEFDF1-ED43-46A1-A572-358A069D91D9}
	EndGlobalSection
EndGlobal
